{
  "name": "nordschleife-view-demo",
  "lockfileVersion": 3,
  "requires": true,
  "packages": {
    "": {
      "name": "nordschleife-view-demo",
      "dependencies": {
        "lucide": "^0.577.0",
        "three": "0.186.1"
      }
    },
    "node_modules/lucide": {
      "version": "0.577.0",
      "resolved": "https://registry.npmjs.org/lucide/-/lucide-0.577.0.tgz",
      "integrity": "sha512-PpC/m5eOItp/WU/GlQPFBXDOhq6HibL73KzYP37OX3LM7VmzWQF8voEj8QRWUFvy9FIKfeDQkWYoyS1D/MdWFA==",
      "license": "ISC"
    },
    "node_modules/three": {
      "version": "0.186.1",
      "resolved": "https://registry.npmjs.org/three/-/three-0.186.1.tgz",
      "integrity": "sha512-blFeqb49wRCSGUGj7gtpfnSGHy2lwDk94RhUmS1c/hTby70kvChbWpkJ4Pm1390LqzzvTmzgXKHPEafJwCb8jA==",
      "license": "MIT"
    }
  }
}
